{
    "_meta": {
        "hash": {
            "sha256": "b24d8654c88acd31643aa93279504889a5d544d02e6f67f6a7b4f91c2b6a6077"
        },
        "pipfile-spec": 6,
        "requires": {
            "python_version": "3.11"
        },
        "sources": [
            {
                "name": "pypi",
                "url": "https://pypi.org/simple",
                "verify_ssl": true
            }
        ]
    },
    "default": {
        "annotated-types": {
            "hashes": [
                "sha256:0641064de18ba7a25dee8f96403ebc39113d0cb953a01429249d5c7564666a43",
                "sha256:563339e807e53ffd9c267e99fc6d9ea23eb8443c08f112651963e24e22f84a5d"
            ],
            "markers": "python_version >= '3.8'",
            "version": "==0.6.0"
        },
        "antlr4-python3-runtime": {
            "hashes": [
                "sha256:15793f5d0512a372b4e7d2284058ad32ce7dd27126b105fb0b2245130445db33"
            ],
            "version": "==4.8"
        },
        "fhirpathpy": {
            "git": "https://github.com/beda-software/fhirpath-py.git",
            "markers": "python_version >= '3.8'",
            "ref": "1086a9a2b8181f1390e3b36b3d78ac81ecde60a5"
        },
        "jmespath": {
            "hashes": [
                "sha256:02e2e4cc71b5bcab88332eebf907519190dd9e6e82107fa7f83b1003a6252980",
                "sha256:90261b206d6defd58fdd5e85f478bf633a2901798906be2ad389150c5c60edbe"
            ],
            "markers": "python_version >= '3.7'",
            "version": "==1.0.1"
        },
        "pydantic": {
            "hashes": [
                "sha256:94f336138093a5d7f426aac732dcfe7ab4eb4da243c88f891d65deb4a2556ee7",
                "sha256:bc3ddf669d234f4220e6e1c4d96b061abe0998185a8d7855c0126782b7abc8c1"
            ],
            "index": "pypi",
            "markers": "python_version >= '3.7'",
            "version": "==2.4.2"
        },
        "pydantic-core": {
            "hashes": [
                "sha256:042462d8d6ba707fd3ce9649e7bf268633a41018d6a998fb5fbacb7e928a183e",
                "sha256:0523aeb76e03f753b58be33b26540880bac5aa54422e4462404c432230543f33",
                "sha256:05560ab976012bf40f25d5225a58bfa649bb897b87192a36c6fef1ab132540d7",
                "sha256:0675ba5d22de54d07bccde38997e780044dcfa9a71aac9fd7d4d7a1d2e3e65f7",
                "sha256:073d4a470b195d2b2245d0343569aac7e979d3a0dcce6c7d2af6d8a920ad0bea",
                "sha256:07ec6d7d929ae9c68f716195ce15e745b3e8fa122fc67698ac6498d802ed0fa4",
                "sha256:0880e239827b4b5b3e2ce05e6b766a7414e5f5aedc4523be6b68cfbc7f61c5d0",
                "sha256:0c27f38dc4fbf07b358b2bc90edf35e82d1703e22ff2efa4af4ad5de1b3833e7",
                "sha256:0d8a8adef23d86d8eceed3e32e9cca8879c7481c183f84ed1a8edc7df073af94",
                "sha256:0e2a35baa428181cb2270a15864ec6286822d3576f2ed0f4cd7f0c1708472aff",
                "sha256:0f8682dbdd2f67f8e1edddcbffcc29f60a6182b4901c367fc8c1c40d30bb0a82",
                "sha256:0fa467fd300a6f046bdb248d40cd015b21b7576c168a6bb20aa22e595c8ffcdd",
                "sha256:128552af70a64660f21cb0eb4876cbdadf1a1f9d5de820fed6421fa8de07c893",
                "sha256:1396e81b83516b9d5c9e26a924fa69164156c148c717131f54f586485ac3c15e",
                "sha256:149b8a07712f45b332faee1a2258d8ef1fb4a36f88c0c17cb687f205c5dc6e7d",
                "sha256:14ac492c686defc8e6133e3a2d9eaf5261b3df26b8ae97450c1647286750b901",
                "sha256:14cfbb00959259e15d684505263d5a21732b31248a5dd4941f73a3be233865b9",
                "sha256:14e09ff0b8fe6e46b93d36a878f6e4a3a98ba5303c76bb8e716f4878a3bee92c",
                "sha256:154ea7c52e32dce13065dbb20a4a6f0cc012b4f667ac90d648d36b12007fa9f7",
                "sha256:15d6bca84ffc966cc9976b09a18cf9543ed4d4ecbd97e7086f9ce9327ea48891",
                "sha256:1d40f55222b233e98e3921df7811c27567f0e1a4411b93d4c5c0f4ce131bc42f",
                "sha256:25bd966103890ccfa028841a8f30cebcf5875eeac8c4bde4fe221364c92f0c9a",
                "sha256:2cf5bb4dd67f20f3bbc1209ef572a259027c49e5ff694fa56bed62959b41e1f9",
                "sha256:2e0e2959ef5d5b8dc9ef21e1a305a21a36e254e6a34432d00c72a92fdc5ecda5",
                "sha256:320f14bd4542a04ab23747ff2c8a778bde727158b606e2661349557f0770711e",
                "sha256:3625578b6010c65964d177626fde80cf60d7f2e297d56b925cb5cdeda6e9925a",
                "sha256:39215d809470f4c8d1881758575b2abfb80174a9e8daf8f33b1d4379357e417c",
                "sha256:3f0ac9fb8608dbc6eaf17956bf623c9119b4db7dbb511650910a82e261e6600f",
                "sha256:417243bf599ba1f1fef2bb8c543ceb918676954734e2dcb82bf162ae9d7bd514",
                "sha256:420a692b547736a8d8703c39ea935ab5d8f0d2573f8f123b0a294e49a73f214b",
                "sha256:443fed67d33aa85357464f297e3d26e570267d1af6fef1c21ca50921d2976302",
                "sha256:48525933fea744a3e7464c19bfede85df4aba79ce90c60b94d8b6e1eddd67096",
                "sha256:485a91abe3a07c3a8d1e082ba29254eea3e2bb13cbbd4351ea4e5a21912cc9b0",
                "sha256:4a5be350f922430997f240d25f8219f93b0c81e15f7b30b868b2fddfc2d05f27",
                "sha256:4d966c47f9dd73c2d32a809d2be529112d509321c5310ebf54076812e6ecd884",
                "sha256:524ff0ca3baea164d6d93a32c58ac79eca9f6cf713586fdc0adb66a8cdeab96a",
                "sha256:53df009d1e1ba40f696f8995683e067e3967101d4bb4ea6f667931b7d4a01357",
                "sha256:5994985da903d0b8a08e4935c46ed8daf5be1cf217489e673910951dc533d430",
                "sha256:5cabb9710f09d5d2e9e2748c3e3e20d991a4c5f96ed8f1132518f54ab2967221",
                "sha256:5fdb39f67c779b183b0c853cd6b45f7db84b84e0571b3ef1c89cdb1dfc367325",
                "sha256:600d04a7b342363058b9190d4e929a8e2e715c5682a70cc37d5ded1e0dd370b4",
                "sha256:631cb7415225954fdcc2a024119101946793e5923f6c4d73a5914d27eb3d3a05",
                "sha256:63974d168b6233b4ed6a0046296803cb13c56637a7b8106564ab575926572a55",
                "sha256:64322bfa13e44c6c30c518729ef08fda6026b96d5c0be724b3c4ae4da939f875",
                "sha256:655f8f4c8d6a5963c9a0687793da37b9b681d9ad06f29438a3b2326d4e6b7970",
                "sha256:6835451b57c1b467b95ffb03a38bb75b52fb4dc2762bb1d9dbed8de31ea7d0fc",
                "sha256:6db2eb9654a85ada248afa5a6db5ff1cf0f7b16043a6b070adc4a5be68c716d6",
                "sha256:7c4d1894fe112b0864c1fa75dffa045720a194b227bed12f4be7f6045b25209f",
                "sha256:7eb037106f5c6b3b0b864ad226b0b7ab58157124161d48e4b30c4a43fef8bc4b",
                "sha256:8282bab177a9a3081fd3d0a0175a07a1e2bfb7fcbbd949519ea0980f8a07144d",
                "sha256:82f55187a5bebae7d81d35b1e9aaea5e169d44819789837cdd4720d768c55d15",
                "sha256:8572cadbf4cfa95fb4187775b5ade2eaa93511f07947b38f4cd67cf10783b118",
                "sha256:8cdbbd92154db2fec4ec973d45c565e767ddc20aa6dbaf50142676484cbff8ee",
                "sha256:8f6e6aed5818c264412ac0598b581a002a9f050cb2637a84979859e70197aa9e",
                "sha256:92f675fefa977625105708492850bcbc1182bfc3e997f8eecb866d1927c98ae6",
                "sha256:962ed72424bf1f72334e2f1e61b68f16c0e596f024ca7ac5daf229f7c26e4208",
                "sha256:9badf8d45171d92387410b04639d73811b785b5161ecadabf056ea14d62d4ede",
                "sha256:9c120c9ce3b163b985a3b966bb701114beb1da4b0468b9b236fc754783d85aa3",
                "sha256:9f6f3e2598604956480f6c8aa24a3384dbf6509fe995d97f6ca6103bb8c2534e",
                "sha256:a1254357f7e4c82e77c348dabf2d55f1d14d19d91ff025004775e70a6ef40ada",
                "sha256:a1392e0638af203cee360495fd2cfdd6054711f2db5175b6e9c3c461b76f5175",
                "sha256:a1c311fd06ab3b10805abb72109f01a134019739bd3286b8ae1bc2fc4e50c07a",
                "sha256:a5cb87bdc2e5f620693148b5f8f842d293cae46c5f15a1b1bf7ceeed324a740c",
                "sha256:a7a7902bf75779bc12ccfc508bfb7a4c47063f748ea3de87135d433a4cca7a2f",
                "sha256:aad7bd686363d1ce4ee930ad39f14e1673248373f4a9d74d2b9554f06199fb58",
                "sha256:aafdb89fdeb5fe165043896817eccd6434aee124d5ee9b354f92cd574ba5e78f",
                "sha256:ae8a8843b11dc0b03b57b52793e391f0122e740de3df1474814c700d2622950a",
                "sha256:b00bc4619f60c853556b35f83731bd817f989cba3e97dc792bb8c97941b8053a",
                "sha256:b1f22a9ab44de5f082216270552aa54259db20189e68fc12484873d926426921",
                "sha256:b3c01c2fb081fced3bbb3da78510693dc7121bb893a1f0f5f4b48013201f362e",
                "sha256:b3dcd587b69bbf54fc04ca157c2323b8911033e827fffaecf0cafa5a892a0904",
                "sha256:b4a6db486ac8e99ae696e09efc8b2b9fea67b63c8f88ba7a1a16c24a057a0776",
                "sha256:bec7dd208a4182e99c5b6c501ce0b1f49de2802448d4056091f8e630b28e9a52",
                "sha256:c0877239307b7e69d025b73774e88e86ce82f6ba6adf98f41069d5b0b78bd1bf",
                "sha256:caa48fc31fc7243e50188197b5f0c4228956f97b954f76da157aae7f67269ae8",
                "sha256:cfe1090245c078720d250d19cb05d67e21a9cd7c257698ef139bc41cf6c27b4f",
                "sha256:d43002441932f9a9ea5d6f9efaa2e21458221a3a4b417a14027a1d530201ef1b",
                "sha256:d64728ee14e667ba27c66314b7d880b8eeb050e58ffc5fec3b7a109f8cddbd63",
                "sha256:d6495008733c7521a89422d7a68efa0a0122c99a5861f06020ef5b1f51f9ba7c",
                "sha256:d8f1ebca515a03e5654f88411420fea6380fc841d1bea08effb28184e3d4899f",
                "sha256:d99277877daf2efe074eae6338453a4ed54a2d93fb4678ddfe1209a0c93a2468",
                "sha256:da01bec0a26befab4898ed83b362993c844b9a607a86add78604186297eb047e",
                "sha256:db9a28c063c7c00844ae42a80203eb6d2d6bbb97070cfa00194dff40e6f545ab",
                "sha256:dda81e5ec82485155a19d9624cfcca9be88a405e2857354e5b089c2a982144b2",
                "sha256:e357571bb0efd65fd55f18db0a2fb0ed89d0bb1d41d906b138f088933ae618bb",
                "sha256:e544246b859f17373bed915182ab841b80849ed9cf23f1f07b73b7c58baee5fb",
                "sha256:e562617a45b5a9da5be4abe72b971d4f00bf8555eb29bb91ec2ef2be348cd132",
                "sha256:e570ffeb2170e116a5b17e83f19911020ac79d19c96f320cbfa1fa96b470185b",
                "sha256:e6f31a17acede6a8cd1ae2d123ce04d8cca74056c9d456075f4f6f85de055607",
                "sha256:e9121b4009339b0f751955baf4543a0bfd6bc3f8188f8056b1a25a2d45099934",
                "sha256:ebedb45b9feb7258fac0a268a3f6bec0a2ea4d9558f3d6f813f02ff3a6dc6698",
                "sha256:ecaac27da855b8d73f92123e5f03612b04c5632fd0a476e469dfc47cd37d6b2e",
                "sha256:ecdbde46235f3d560b18be0cb706c8e8ad1b965e5c13bbba7450c86064e96561",
                "sha256:ed550ed05540c03f0e69e6d74ad58d026de61b9eaebebbaaf8873e585cbb18de",
                "sha256:eeb3d3d6b399ffe55f9a04e09e635554012f1980696d6b0aca3e6cf42a17a03b",
                "sha256:ef337945bbd76cce390d1b2496ccf9f90b1c1242a3a7bc242ca4a9fc5993427a",
                "sha256:f1365e032a477c1430cfe0cf2856679529a2331426f8081172c4a74186f1d595",
                "sha256:f23b55eb5464468f9e0e9a9935ce3ed2a870608d5f534025cd5536bca25b1402",
                "sha256:f2e9072d71c1f6cfc79a36d4484c82823c560e6f5599c43c1ca6b5cdbd54f881",
                "sha256:f323306d0556351735b54acbf82904fe30a27b6a7147153cbe6e19aaaa2aa429",
                "sha256:f36a3489d9e28fe4b67be9992a23029c3cec0babc3bd9afb39f49844a8c721c5",
                "sha256:f64f82cc3443149292b32387086d02a6c7fb39b8781563e0ca7b8d7d9cf72bd7",
                "sha256:f6defd966ca3b187ec6c366604e9296f585021d922e666b99c47e78738b5666c",
                "sha256:f7c2b8eb9fc872e68b46eeaf835e86bccc3a58ba57d0eedc109cbb14177be531",
                "sha256:fa7db7558607afeccb33c0e4bf1c9a9a835e26599e76af6fe2fcea45904083a6",
                "sha256:fcb83175cc4936a5425dde3356f079ae03c0802bbdf8ff82c035f8a54b333521"
            ],
            "markers": "python_version >= '3.7'",
            "version": "==2.10.1"
        },
        "pydian": {
            "hashes": [
                "sha256:013332f98ab21151ec24153d1925d0e63c95b7c15582d0bcb2fdfefeb579116e",
                "sha256:208e1968c60adf535ac8f0f0ef6946a022870a4ec772ab986033ed3e18153eac"
            ],
            "index": "pypi",
            "markers": "python_version >= '3.10' and python_version < '4.0'",
            "version": "==0.2.3"
        },
        "typing-extensions": {
            "hashes": [
                "sha256:8f92fc8806f9a6b641eaa5318da32b44d401efaac0f6678c9bc448ba3605faa0",
                "sha256:df8e4339e9cb77357558cbdbceca33c303714cf861d1eef15e1070055ae8b7ef"
            ],
            "markers": "python_version >= '3.8'",
            "version": "==4.8.0"
        }
    },
    "develop": {
        "anaconda": {
            "hashes": [
                "sha256:2e26def2dc581e92783d62772d8bf8c8328c9cc10407dc51c94268ca41decf37"
            ],
            "index": "pypi",
            "version": "==0.0.1.1"
        },
        "anyio": {
            "hashes": [
                "sha256:cfdb2b588b9fc25ede96d8db56ed50848b0b649dca3dd1df0b11f683bb9e0b5f",
                "sha256:f7ed51751b2c2add651e5747c891b47e26d2a21be5d32d9311dfe9692f3e5d7a"
            ],
            "markers": "python_version >= '3.8'",
            "version": "==4.0.0"
        },
        "appnope": {
            "hashes": [
                "sha256:02bd91c4de869fbb1e1c50aafc4098827a7a54ab2f39d9dcba6c9547ed920e24",
                "sha256:265a455292d0bd8a72453494fa24df5a11eb18373a60c7c0430889f22548605e"
            ],
            "markers": "sys_platform == 'darwin'",
            "version": "==0.1.3"
        },
        "asttokens": {
            "hashes": [
                "sha256:2e0171b991b2c959acc6c49318049236844a5da1d65ba2672c4880c1c894834e",
                "sha256:cf8fc9e61a86461aa9fb161a14a0841a03c405fa829ac6b202670b3495d2ce69"
            ],
            "version": "==2.4.0"
        },
        "autoflake": {
            "hashes": [
                "sha256:265cde0a43c1f44ecfb4f30d95b0437796759d07be7706a2f70e4719234c0f79",
                "sha256:62b7b6449a692c3c9b0c916919bbc21648da7281e8506bcf8d3f8280e431ebc1"
            ],
            "index": "pypi",
            "markers": "python_version >= '3.8'",
            "version": "==2.2.1"
        },
        "autohooks": {
            "hashes": [
                "sha256:1fa417891efc3681bdf109cb2e99688948d1f3587d91dab17f1ed9b4428590a4",
                "sha256:cf486581fc111122fc3ea394b60a26bc4da0844cf916b6e4fadf90ff97633fe5"
            ],
            "index": "pypi",
            "markers": "python_version >= '3.8' and python_version < '4.0'",
            "version": "==23.7.0"
        },
        "autohooks-plugin-black": {
            "hashes": [
                "sha256:7ce7c25de7da08adf6293b5afa412f4331fc024ff4d872b9daa3247d280eda03",
                "sha256:ae2dbda4f8598f8265ef74bcbcf7f14b07d97575368ec8ae03e0fbda32d783dd"
            ],
            "index": "pypi",
            "markers": "python_version >= '3.8' and python_version < '4.0'",
            "version": "==23.7.0"
        },
        "autohooks-plugin-isort": {
            "hashes": [
                "sha256:309188365bfed8f2841545f7484bc9e4872d031ef8d495128a86e409483c5b6a",
                "sha256:ada2aad42a2c6e12b4b931a524c971968b4f2426bd7bc96f7806867e1237e449"
            ],
            "index": "pypi",
            "markers": "python_version >= '3.7' and python_version < '4.0'",
            "version": "==23.4.0"
        },
        "backcall": {
            "hashes": [
                "sha256:5cbdbf27be5e7cfadb448baf0aa95508f91f2bbc6c6437cd9cd06e2a4c215e1e",
                "sha256:fbbce6a29f263178a1f7915c1940bde0ec2b2a967566fe1c65c1dfb7422bd255"
            ],
            "version": "==0.2.0"
        },
        "black": {
            "hashes": [
                "sha256:031e8c69f3d3b09e1aa471a926a1eeb0b9071f80b17689a655f7885ac9325a6f",
                "sha256:13a2e4a93bb8ca74a749b6974925c27219bb3df4d42fc45e948a5d9feb5122b7",
                "sha256:13ef033794029b85dfea8032c9d3b92b42b526f1ff4bf13b2182ce4e917f5100",
                "sha256:14f04c990259576acd093871e7e9b14918eb28f1866f91968ff5524293f9c573",
                "sha256:24b6b3ff5c6d9ea08a8888f6977eae858e1f340d7260cf56d70a49823236b62d",
                "sha256:403397c033adbc45c2bd41747da1f7fc7eaa44efbee256b53842470d4ac5a70f",
                "sha256:50254ebfa56aa46a9fdd5d651f9637485068a1adf42270148cd101cdf56e0ad9",
                "sha256:538efb451cd50f43aba394e9ec7ad55a37598faae3348d723b59ea8e91616300",
                "sha256:638619a559280de0c2aa4d76f504891c9860bb8fa214267358f0a20f27c12948",
                "sha256:6a3b50e4b93f43b34a9d3ef00d9b6728b4a722c997c99ab09102fd5efdb88325",
                "sha256:6ccd59584cc834b6d127628713e4b6b968e5f79572da66284532525a042549f9",
                "sha256:75a2dc41b183d4872d3a500d2b9c9016e67ed95738a3624f4751a0cb4818fe71",
                "sha256:7d30ec46de88091e4316b17ae58bbbfc12b2de05e069030f6b747dfc649ad186",
                "sha256:8431445bf62d2a914b541da7ab3e2b4f3bc052d2ccbf157ebad18ea126efb91f",
                "sha256:8fc1ddcf83f996247505db6b715294eba56ea9372e107fd54963c7553f2b6dfe",
                "sha256:a732b82747235e0542c03bf352c126052c0fbc458d8a239a94701175b17d4855",
                "sha256:adc3e4442eef57f99b5590b245a328aad19c99552e0bdc7f0b04db6656debd80",
                "sha256:c46767e8df1b7beefb0899c4a95fb43058fa8500b6db144f4ff3ca38eb2f6393",
                "sha256:c619f063c2d68f19b2d7270f4cf3192cb81c9ec5bc5ba02df91471d0b88c4c5c",
                "sha256:cf3a4d00e4cdb6734b64bf23cd4341421e8953615cba6b3670453737a72ec204",
                "sha256:cf99f3de8b3273a8317681d8194ea222f10e0133a24a7548c73ce44ea1679377",
                "sha256:d6bc09188020c9ac2555a498949401ab35bb6bf76d4e0f8ee251694664df6301"
            ],
            "index": "pypi",
            "markers": "python_version >= '3.8'",
            "version": "==23.9.1"
        },
        "certifi": {
            "hashes": [
                "sha256:539cc1d13202e33ca466e88b2807e29f4c13049d6d87031a3c110744495cb082",
                "sha256:92d6037539857d8206b8f6ae472e8b77db8058fec5937a1ef3f54304089edbb9"
            ],
            "markers": "python_version >= '3.6'",
            "version": "==2023.7.22"
        },
        "click": {
            "hashes": [
                "sha256:ae74fb96c20a0277a1d615f1e4d73c8414f5a98db8b799a7931d1582f3390c28",
                "sha256:ca9853ad459e787e2192211578cc907e7594e294c7ccc834310722b41b9ca6de"
            ],
            "markers": "python_version >= '3.7'",
            "version": "==8.1.7"
        },
        "colorful": {
            "hashes": [
                "sha256:62c187e27c1433db9463ff93b1451898d1e7e23a7e553583fd9daeb6325182e4",
                "sha256:66f8c1264b2a26f7293b96a03bb7a76c4bc8b9634369a0bffdcd12d618056a1d"
            ],
            "version": "==0.5.5"
        },
        "decorator": {
            "hashes": [
                "sha256:637996211036b6385ef91435e4fae22989472f9d571faba8927ba8253acbc330",
                "sha256:b8c3f85900b9dc423225913c5aace94729fe1fa9763b38939a95226f02d37186"
            ],
            "markers": "python_version >= '3.5'",
            "version": "==5.1.1"
        },
        "epc": {
            "hashes": [
                "sha256:a14d2ea74817955a20eb00812e3a4630a132897eb4d976420240f1152c0d7d25"
            ],
            "index": "pypi",
            "version": "==0.0.5"
        },
        "executing": {
            "hashes": [
                "sha256:06df6183df67389625f4e763921c6cf978944721abf3e714000200aab95b0657",
                "sha256:0ff053696fdeef426cda5bd18eacd94f82c91f49823a2e9090124212ceea9b08"
            ],
            "version": "==2.0.0"
        },
        "flake8": {
            "hashes": [
                "sha256:d5b3857f07c030bdb5bf41c7f53799571d75c4491748a3adcd47de929e34cd23",
                "sha256:ffdfce58ea94c6580c77888a86506937f9a1a227dfcd15f245d694ae20a6b6e5"
            ],
            "index": "pypi",
            "markers": "python_full_version >= '3.8.1'",
            "version": "==6.1.0"
        },
        "h11": {
            "hashes": [
                "sha256:8f19fbbe99e72420ff35c00b27a34cb9937e902a8b810e2c88300c6f0a3b699d",
                "sha256:e3fe4ac4b851c468cc8363d500db52c2ead036020723024a109d37346efaa761"
            ],
            "markers": "python_version >= '3.7'",
            "version": "==0.14.0"
        },
        "h2": {
            "hashes": [
                "sha256:03a46bcf682256c95b5fd9e9a99c1323584c3eec6440d379b9903d709476bc6d",
                "sha256:a83aca08fbe7aacb79fec788c9c0bac936343560ed9ec18b82a13a12c28d2abb"
            ],
            "version": "==4.1.0"
        },
        "hpack": {
            "hashes": [
                "sha256:84a076fad3dc9a9f8063ccb8041ef100867b1878b25ef0ee63847a5d53818a6c",
                "sha256:fc41de0c63e687ebffde81187a948221294896f6bdc0ae2312708df339430095"
            ],
            "markers": "python_full_version >= '3.6.1'",
            "version": "==4.0.0"
        },
        "httpcore": {
            "hashes": [
                "sha256:13b5e5cd1dca1a6636a6aaea212b19f4f85cd88c366a2b82304181b769aab3c9",
                "sha256:adc5398ee0a476567bf87467063ee63584a8bce86078bf748e48754f60202ced"
            ],
            "markers": "python_version >= '3.8'",
            "version": "==0.18.0"
        },
        "httpx": {
            "extras": [
                "http2"
            ],
            "hashes": [
                "sha256:181ea7f8ba3a82578be86ef4171554dd45fec26a02556a744db029a0a27b7100",
                "sha256:47ecda285389cb32bb2691cc6e069e3ab0205956f681c5b2ad2325719751d875"
            ],
            "markers": "python_version >= '3.8'",
            "version": "==0.25.0"
        },
        "hyperframe": {
            "hashes": [
                "sha256:0ec6bafd80d8ad2195c4f03aacba3a8265e57bc4cff261e802bf39970ed02a15",
                "sha256:ae510046231dc8e9ecb1a6586f63d2347bf4c8905914aa84ba585ae85f28a914"
            ],
            "markers": "python_full_version >= '3.6.1'",
            "version": "==6.0.1"
        },
        "idna": {
            "hashes": [
                "sha256:814f528e8dead7d329833b91c5faa87d60bf71824cd12a7530b5526063d02cb4",
                "sha256:90b77e79eaa3eba6de819a0c442c0b4ceefc341a7a2ab77d7562bf49f425c5c2"
            ],
            "markers": "python_version >= '3.5'",
            "version": "==3.4"
        },
        "importmagic": {
            "hashes": [
                "sha256:3f7757a5b74c9a291e20e12023bb3bf71bc2fa3adfb15a08570648ab83eaf8d8"
            ],
            "index": "pypi",
            "version": "==0.1.7"
        },
        "ipython": {
            "hashes": [
                "sha256:0852469d4d579d9cd613c220af7bf0c9cc251813e12be647cb9d463939db9b1e",
                "sha256:ad52f58fca8f9f848e256c629eff888efc0528c12fe0f8ec14f33205f23ef938"
            ],
            "index": "pypi",
            "markers": "python_version >= '3.9'",
            "version": "==8.16.1"
        },
        "isort": {
            "hashes": [
                "sha256:8bef7dde241278824a6d83f44a544709b065191b95b6e50894bdc722fcba0504",
                "sha256:f84c2818376e66cf843d497486ea8fed8700b340f308f076c6fb1229dff318b6"
            ],
            "index": "pypi",
            "markers": "python_full_version >= '3.8.0'",
            "version": "==5.12.0"
        },
        "jedi": {
            "hashes": [
                "sha256:cf0496f3651bc65d7174ac1b7d043eff454892c708a87d1b683e57b569927ffd",
                "sha256:e983c654fe5c02867aef4cdfce5a2fbb4a50adc0af145f70504238f18ef5e7e0"
            ],
            "index": "pypi",
            "markers": "python_version >= '3.6'",
            "version": "==0.19.1"
        },
        "json-rpc": {
            "hashes": [
                "sha256:4a4668bbbe7116feb4abbd0f54e64a4adcf4b8f648f19ffa0848ad0f6606a9bf",
                "sha256:e6441d56c1dcd54241c937d0a2dcd193bdf0bdc539b5316524713f554b7f85b9"
            ],
            "index": "pypi",
            "version": "==1.15.0"
        },
        "lxml": {
            "hashes": [
                "sha256:05186a0f1346ae12553d66df1cfce6f251589fea3ad3da4f3ef4e34b2d58c6a3",
                "sha256:075b731ddd9e7f68ad24c635374211376aa05a281673ede86cbe1d1b3455279d",
                "sha256:081d32421db5df44c41b7f08a334a090a545c54ba977e47fd7cc2deece78809a",
                "sha256:0a3d3487f07c1d7f150894c238299934a2a074ef590b583103a45002035be120",
                "sha256:0bfd0767c5c1de2551a120673b72e5d4b628737cb05414f03c3277bf9bed3305",
                "sha256:0c0850c8b02c298d3c7006b23e98249515ac57430e16a166873fc47a5d549287",
                "sha256:0e2cb47860da1f7e9a5256254b74ae331687b9672dfa780eed355c4c9c3dbd23",
                "sha256:120fa9349a24c7043854c53cae8cec227e1f79195a7493e09e0c12e29f918e52",
                "sha256:1247694b26342a7bf47c02e513d32225ededd18045264d40758abeb3c838a51f",
                "sha256:141f1d1a9b663c679dc524af3ea1773e618907e96075262726c7612c02b149a4",
                "sha256:14e019fd83b831b2e61baed40cab76222139926b1fb5ed0e79225bc0cae14584",
                "sha256:1509dd12b773c02acd154582088820893109f6ca27ef7291b003d0e81666109f",
                "sha256:17a753023436a18e27dd7769e798ce302963c236bc4114ceee5b25c18c52c693",
                "sha256:1e224d5755dba2f4a9498e150c43792392ac9b5380aa1b845f98a1618c94eeef",
                "sha256:1f447ea5429b54f9582d4b955f5f1985f278ce5cf169f72eea8afd9502973dd5",
                "sha256:23eed6d7b1a3336ad92d8e39d4bfe09073c31bfe502f20ca5116b2a334f8ec02",
                "sha256:25f32acefac14ef7bd53e4218fe93b804ef6f6b92ffdb4322bb6d49d94cad2bc",
                "sha256:2c74524e179f2ad6d2a4f7caf70e2d96639c0954c943ad601a9e146c76408ed7",
                "sha256:303bf1edce6ced16bf67a18a1cf8339d0db79577eec5d9a6d4a80f0fb10aa2da",
                "sha256:3331bece23c9ee066e0fb3f96c61322b9e0f54d775fccefff4c38ca488de283a",
                "sha256:3e9bdd30efde2b9ccfa9cb5768ba04fe71b018a25ea093379c857c9dad262c40",
                "sha256:411007c0d88188d9f621b11d252cce90c4a2d1a49db6c068e3c16422f306eab8",
                "sha256:42871176e7896d5d45138f6d28751053c711ed4d48d8e30b498da155af39aebd",
                "sha256:46f409a2d60f634fe550f7133ed30ad5321ae2e6630f13657fb9479506b00601",
                "sha256:48628bd53a426c9eb9bc066a923acaa0878d1e86129fd5359aee99285f4eed9c",
                "sha256:48d6ed886b343d11493129e019da91d4039826794a3e3027321c56d9e71505be",
                "sha256:4930be26af26ac545c3dffb662521d4e6268352866956672231887d18f0eaab2",
                "sha256:4aec80cde9197340bc353d2768e2a75f5f60bacda2bab72ab1dc499589b3878c",
                "sha256:4c28a9144688aef80d6ea666c809b4b0e50010a2aca784c97f5e6bf143d9f129",
                "sha256:4d2d1edbca80b510443f51afd8496be95529db04a509bc8faee49c7b0fb6d2cc",
                "sha256:4dd9a263e845a72eacb60d12401e37c616438ea2e5442885f65082c276dfb2b2",
                "sha256:4f1026bc732b6a7f96369f7bfe1a4f2290fb34dce00d8644bc3036fb351a4ca1",
                "sha256:4fb960a632a49f2f089d522f70496640fdf1218f1243889da3822e0a9f5f3ba7",
                "sha256:50670615eaf97227d5dc60de2dc99fb134a7130d310d783314e7724bf163f75d",
                "sha256:50baa9c1c47efcaef189f31e3d00d697c6d4afda5c3cde0302d063492ff9b477",
                "sha256:53ace1c1fd5a74ef662f844a0413446c0629d151055340e9893da958a374f70d",
                "sha256:5515edd2a6d1a5a70bfcdee23b42ec33425e405c5b351478ab7dc9347228f96e",
                "sha256:56dc1f1ebccc656d1b3ed288f11e27172a01503fc016bcabdcbc0978b19352b7",
                "sha256:578695735c5a3f51569810dfebd05dd6f888147a34f0f98d4bb27e92b76e05c2",
                "sha256:57aba1bbdf450b726d58b2aea5fe47c7875f5afb2c4a23784ed78f19a0462574",
                "sha256:57d6ba0ca2b0c462f339640d22882acc711de224d769edf29962b09f77129cbf",
                "sha256:5c245b783db29c4e4fbbbfc9c5a78be496c9fea25517f90606aa1f6b2b3d5f7b",
                "sha256:5c31c7462abdf8f2ac0577d9f05279727e698f97ecbb02f17939ea99ae8daa98",
                "sha256:64f479d719dc9f4c813ad9bb6b28f8390360660b73b2e4beb4cb0ae7104f1c12",
                "sha256:65299ea57d82fb91c7f019300d24050c4ddeb7c5a190e076b5f48a2b43d19c42",
                "sha256:6689a3d7fd13dc687e9102a27e98ef33730ac4fe37795d5036d18b4d527abd35",
                "sha256:690dafd0b187ed38583a648076865d8c229661ed20e48f2335d68e2cf7dc829d",
                "sha256:6fc3c450eaa0b56f815c7b62f2b7fba7266c4779adcf1cece9e6deb1de7305ce",
                "sha256:704f61ba8c1283c71b16135caf697557f5ecf3e74d9e453233e4771d68a1f42d",
                "sha256:71c52db65e4b56b8ddc5bb89fb2e66c558ed9d1a74a45ceb7dcb20c191c3df2f",
                "sha256:71d66ee82e7417828af6ecd7db817913cb0cf9d4e61aa0ac1fde0583d84358db",
                "sha256:7d298a1bd60c067ea75d9f684f5f3992c9d6766fadbc0bcedd39750bf344c2f4",
                "sha256:8b77946fd508cbf0fccd8e400a7f71d4ac0e1595812e66025bac475a8e811694",
                "sha256:8d7e43bd40f65f7d97ad8ef5c9b1778943d02f04febef12def25f7583d19baac",
                "sha256:8df133a2ea5e74eef5e8fc6f19b9e085f758768a16e9877a60aec455ed2609b2",
                "sha256:8ed74706b26ad100433da4b9d807eae371efaa266ffc3e9191ea436087a9d6a7",
                "sha256:92af161ecbdb2883c4593d5ed4815ea71b31fafd7fd05789b23100d081ecac96",
                "sha256:97047f0d25cd4bcae81f9ec9dc290ca3e15927c192df17331b53bebe0e3ff96d",
                "sha256:9719fe17307a9e814580af1f5c6e05ca593b12fb7e44fe62450a5384dbf61b4b",
                "sha256:9767e79108424fb6c3edf8f81e6730666a50feb01a328f4a016464a5893f835a",
                "sha256:9a92d3faef50658dd2c5470af249985782bf754c4e18e15afb67d3ab06233f13",
                "sha256:9bb6ad405121241e99a86efff22d3ef469024ce22875a7ae045896ad23ba2340",
                "sha256:9e28c51fa0ce5674be9f560c6761c1b441631901993f76700b1b30ca6c8378d6",
                "sha256:aca086dc5f9ef98c512bac8efea4483eb84abbf926eaeedf7b91479feb092458",
                "sha256:ae8b9c6deb1e634ba4f1930eb67ef6e6bf6a44b6eb5ad605642b2d6d5ed9ce3c",
                "sha256:b0a545b46b526d418eb91754565ba5b63b1c0b12f9bd2f808c852d9b4b2f9b5c",
                "sha256:b4e4bc18382088514ebde9328da057775055940a1f2e18f6ad2d78aa0f3ec5b9",
                "sha256:b6420a005548ad52154c8ceab4a1290ff78d757f9e5cbc68f8c77089acd3c432",
                "sha256:b86164d2cff4d3aaa1f04a14685cbc072efd0b4f99ca5708b2ad1b9b5988a991",
                "sha256:bb3bb49c7a6ad9d981d734ef7c7193bc349ac338776a0360cc671eaee89bcf69",
                "sha256:bef4e656f7d98aaa3486d2627e7d2df1157d7e88e7efd43a65aa5dd4714916cf",
                "sha256:c0781a98ff5e6586926293e59480b64ddd46282953203c76ae15dbbbf302e8bb",
                "sha256:c2006f5c8d28dee289f7020f721354362fa304acbaaf9745751ac4006650254b",
                "sha256:c41bfca0bd3532d53d16fd34d20806d5c2b1ace22a2f2e4c0008570bf2c58833",
                "sha256:cd47b4a0d41d2afa3e58e5bf1f62069255aa2fd6ff5ee41604418ca925911d76",
                "sha256:cdb650fc86227eba20de1a29d4b2c1bfe139dc75a0669270033cb2ea3d391b85",
                "sha256:cef2502e7e8a96fe5ad686d60b49e1ab03e438bd9123987994528febd569868e",
                "sha256:d27be7405547d1f958b60837dc4c1007da90b8b23f54ba1f8b728c78fdb19d50",
                "sha256:d37017287a7adb6ab77e1c5bee9bcf9660f90ff445042b790402a654d2ad81d8",
                "sha256:d3ff32724f98fbbbfa9f49d82852b159e9784d6094983d9a8b7f2ddaebb063d4",
                "sha256:d73d8ecf8ecf10a3bd007f2192725a34bd62898e8da27eb9d32a58084f93962b",
                "sha256:dd708cf4ee4408cf46a48b108fb9427bfa00b9b85812a9262b5c668af2533ea5",
                "sha256:e3cd95e10c2610c360154afdc2f1480aea394f4a4f1ea0a5eacce49640c9b190",
                "sha256:e4da8ca0c0c0aea88fd46be8e44bd49716772358d648cce45fe387f7b92374a7",
                "sha256:eadfbbbfb41b44034a4c757fd5d70baccd43296fb894dba0295606a7cf3124aa",
                "sha256:ed667f49b11360951e201453fc3967344d0d0263aa415e1619e85ae7fd17b4e0",
                "sha256:f3df3db1d336b9356dd3112eae5f5c2b8b377f3bc826848567f10bfddfee77e9",
                "sha256:f6bdac493b949141b733c5345b6ba8f87a226029cbabc7e9e121a413e49441e0",
                "sha256:fbf521479bcac1e25a663df882c46a641a9bff6b56dc8b0fafaebd2f66fb231b",
                "sha256:fc9b106a1bf918db68619fdcd6d5ad4f972fdd19c01d19bdb6bf63f3589a9ec5",
                "sha256:fcdd00edfd0a3001e0181eab3e63bd5c74ad3e67152c84f93f13769a40e073a7",
                "sha256:fe4bda6bd4340caa6e5cf95e73f8fea5c4bfc55763dd42f1b50a94c1b4a2fbd4"
            ],
            "markers": "python_version >= '2.7' and python_version not in '3.0, 3.1, 3.2, 3.3, 3.4'",
            "version": "==4.9.3"
        },
        "markdown-it-py": {
            "hashes": [
                "sha256:355216845c60bd96232cd8d8c40e8f9765cc86f46880e43a8fd22dc1a1a8cab1",
                "sha256:e3f60a94fa066dc52ec76661e37c851cb232d92f9886b15cb560aaada2df8feb"
            ],
            "markers": "python_version >= '3.8'",
            "version": "==3.0.0"
        },
        "matplotlib-inline": {
            "hashes": [
                "sha256:f1f41aab5328aa5aaea9b16d083b128102f8712542f819fe7e6a420ff581b311",
                "sha256:f887e5f10ba98e8d2b150ddcf4702c1e5f8b3a20005eb0f74bfdbd360ee6f304"
            ],
            "markers": "python_version >= '3.5'",
            "version": "==0.1.6"
        },
        "mccabe": {
            "hashes": [
                "sha256:348e0240c33b60bbdf4e523192ef919f28cb2c3d7d5c7794f74009290f236325",
                "sha256:6c2d30ab6be0e4a46919781807b4f0d834ebdd6c6e3dca0bda5a15f863427b6e"
            ],
            "markers": "python_version >= '3.6'",
            "version": "==0.7.0"
        },
        "mdurl": {
            "hashes": [
                "sha256:84008a41e51615a49fc9966191ff91509e3c40b939176e643fd50a5c2196b8f8",
                "sha256:bb413d29f5eea38f31dd4754dd7377d4465116fb207585f97bf925588687c1ba"
            ],
            "markers": "python_version >= '3.7'",
            "version": "==0.1.2"
        },
        "mypy-extensions": {
            "hashes": [
                "sha256:4392f6c0eb8a5668a69e23d168ffa70f0be9ccfd32b5cc2d26a34ae5b844552d",
                "sha256:75dbf8955dc00442a438fc4d0666508a9a97b6bd41aa2f0ffe9d2f2725af0782"
            ],
            "markers": "python_version >= '3.5'",
            "version": "==1.0.0"
        },
        "packaging": {
            "hashes": [
                "sha256:048fb0e9405036518eaaf48a55953c750c11e1a1b68e0dd1a9d62ed0c092cfc5",
                "sha256:8c491190033a9af7e1d931d0b5dacc2ef47509b34dd0de67ed209b5203fc88c7"
            ],
            "markers": "python_version >= '3.7'",
            "version": "==23.2"
        },
        "parso": {
            "hashes": [
                "sha256:8c07be290bb59f03588915921e29e8a50002acaf2cdc5fa0e0114f91709fafa0",
                "sha256:c001d4636cd3aecdaf33cbb40aebb59b094be2a74c556778ef5576c175e19e75"
            ],
            "markers": "python_version >= '3.6'",
            "version": "==0.8.3"
        },
        "pathspec": {
            "hashes": [
                "sha256:1d6ed233af05e679efb96b1851550ea95bbb64b7c490b0f5aa52996c11e92a20",
                "sha256:e0d8d0ac2f12da61956eb2306b69f9469b42f4deb0f3cb6ed47b9cce9996ced3"
            ],
            "markers": "python_version >= '3.7'",
            "version": "==0.11.2"
        },
        "pep8": {
            "hashes": [
                "sha256:b22cfae5db09833bb9bd7c8463b53e1a9c9b39f12e304a8d0bba729c501827ee",
                "sha256:fe249b52e20498e59e0b5c5256aa52ee99fc295b26ec9eaa85776ffdb9fe6374"
            ],
            "index": "pypi",
            "version": "==1.7.1"
        },
        "pexpect": {
            "hashes": [
                "sha256:0b48a55dcb3c05f3329815901ea4fc1537514d6ba867a152b581d69ae3710937",
                "sha256:fc65a43959d153d0114afe13997d439c22823a27cefceb5ff35c2178c6784c0c"
            ],
            "markers": "sys_platform != 'win32'",
            "version": "==4.8.0"
        },
        "pickleshare": {
            "hashes": [
                "sha256:87683d47965c1da65cdacaf31c8441d12b8044cdec9aca500cd78fc2c683afca",
                "sha256:9649af414d74d4df115d5d718f82acb59c9d418196b7b4290ed47a12ce62df56"
            ],
            "version": "==0.7.5"
        },
        "platformdirs": {
            "hashes": [
                "sha256:cf8ee52a3afdb965072dcc652433e0c7e3e40cf5ea1477cd4b3b1d2eb75495b3",
                "sha256:e9d171d00af68be50e9202731309c4e658fd8bc76f55c11c7dd760d023bda68e"
            ],
            "markers": "python_version >= '3.7'",
            "version": "==3.11.0"
        },
        "pontos": {
            "hashes": [
                "sha256:05fb220c68faf0c84d7a4332d40ea30574656acb71a6fffa1fe6eb27c41929e1",
                "sha256:a65dd8470655bb9ac786dd712135ae161b4efe52d6e5d2ced5a7b76154d01a92"
            ],
            "markers": "python_version >= '3.9' and python_version < '4.0'",
            "version": "==23.10.1"
        },
        "prompt-toolkit": {
            "hashes": [
                "sha256:04505ade687dc26dc4284b1ad19a83be2f2afe83e7a828ace0c72f3a1df72aac",
                "sha256:9dffbe1d8acf91e3de75f3b544e4842382fc06c6babe903ac9acb74dc6e08d88"
            ],
            "markers": "python_full_version >= '3.7.0'",
            "version": "==3.0.39"
        },
        "ptyprocess": {
            "hashes": [
                "sha256:4b41f3967fce3af57cc7e94b888626c18bf37a083e3651ca8feeb66d492fef35",
                "sha256:5c5d0a3b48ceee0b48485e0c26037c0acd7d29765ca3fbb5cb3831d347423220"
            ],
            "version": "==0.7.0"
        },
        "pure-eval": {
            "hashes": [
                "sha256:01eaab343580944bc56080ebe0a674b39ec44a945e6d09ba7db3cb8cec289350",
                "sha256:2b45320af6dfaa1750f543d714b6d1c520a1688dec6fd24d339063ce0aaa9ac3"
            ],
            "version": "==0.2.2"
        },
        "pycodestyle": {
            "hashes": [
                "sha256:259bcc17857d8a8b3b4a2327324b79e5f020a13c16074670f9c8c8f872ea76d0",
                "sha256:5d1013ba8dc7895b548be5afb05740ca82454fd899971563d2ef625d090326f8"
            ],
            "markers": "python_version >= '3.8'",
            "version": "==2.11.0"
        },
        "pyflakes": {
            "hashes": [
                "sha256:4132f6d49cb4dae6819e5379898f2b8cce3c5f23994194c24b77d5da2e36f774",
                "sha256:a0aae034c444db0071aa077972ba4768d40c830d9539fd45bf4cd3f8f6992efc"
            ],
            "markers": "python_version >= '3.8'",
            "version": "==3.1.0"
        },
        "pygments": {
            "hashes": [
                "sha256:13fc09fa63bc8d8671a6d247e1eb303c4b343eaee81d861f3404db2935653692",
                "sha256:1daff0494820c69bc8941e407aa20f577374ee88364ee10a98fdbe0aece96e29"
            ],
            "markers": "python_version >= '3.7'",
            "version": "==2.16.1"
        },
        "python-dateutil": {
            "hashes": [
                "sha256:0123cacc1627ae19ddf3c27a5de5bd67ee4586fbdd6440d9748f8abb483d3e86",
                "sha256:961d03dc3453ebbc59dbdea9e4e11c5651520a876d0f4db161e8674aae935da9"
            ],
            "markers": "python_version >= '2.7' and python_version not in '3.0, 3.1, 3.2, 3.3'",
            "version": "==2.8.2"
        },
        "rich": {
            "hashes": [
                "sha256:2b38e2fe9ca72c9a00170a1a2d20c63c790d0e10ef1fe35eba76e1e7b1d7d245",
                "sha256:5c14d22737e6d5084ef4771b62d5d4363165b403455a30a1c8ca39dc7b644bef"
            ],
            "markers": "python_full_version >= '3.7.0'",
            "version": "==13.6.0"
        },
        "semver": {
            "hashes": [
                "sha256:6253adb39c70f6e51afed2fa7152bcd414c411286088fb4b9effb133885ab4cc",
                "sha256:b1ea4686fe70b981f85359eda33199d60c53964284e0cfb4977d243e37cf4bf4"
            ],
            "markers": "python_version >= '3.7'",
            "version": "==3.0.2"
        },
        "service-factory": {
            "hashes": [
                "sha256:abd8e715e2d32ee83ea4bbe365d34e0f94e3068ec03683f09f4512f657e1cd64"
            ],
            "index": "pypi",
            "version": "==0.1.6"
        },
        "setuptools": {
            "hashes": [
                "sha256:4ac1475276d2f1c48684874089fefcd83bd7162ddaafb81fac866ba0db282a87",
                "sha256:b454a35605876da60632df1a60f736524eb73cc47bbc9f3f1ef1b644de74fd2a"
            ],
            "markers": "python_version >= '3.8'",
            "version": "==68.2.2"
        },
        "sexpdata": {
            "hashes": [
                "sha256:6f65f115291890cbce5cd269c13bdf1f82a4cd23bc61b6e150a27511ee6a7d5e"
            ],
            "version": "==1.0.1"
        },
        "six": {
            "hashes": [
                "sha256:1e61c37477a1626458e36f7b1d82aa5c9b094fa4802892072e49de9c60c4c926",
                "sha256:8abb2f1d86890a2dfb989f9a77cfcfd3e47c2a354b01111771326f8aa26e0254"
            ],
            "markers": "python_version >= '2.7' and python_version not in '3.0, 3.1, 3.2, 3.3'",
            "version": "==1.16.0"
        },
        "sniffio": {
            "hashes": [
                "sha256:e60305c5e5d314f5389259b7f22aaa33d8f7dee49763119234af3755c55b9101",
                "sha256:eecefdce1e5bbfb7ad2eeaabf7c1eeb404d7757c379bd1f7e5cce9d8bf425384"
            ],
            "markers": "python_version >= '3.7'",
            "version": "==1.3.0"
        },
        "stack-data": {
            "hashes": [
                "sha256:836a778de4fec4dcd1dcd89ed8abff8a221f58308462e1c4aa2a3cf30148f0b9",
                "sha256:d5558e0c25a4cb0853cddad3d77da9891a08cb85dd9f9f91b9f8cd66e511e695"
            ],
            "version": "==0.6.3"
        },
        "tomlkit": {
            "hashes": [
                "sha256:38e1ff8edb991273ec9f6181244a6a391ac30e9f5098e7535640ea6be97a7c86",
                "sha256:712cbd236609acc6a3e2e97253dfc52d4c2082982a88f61b640ecf0817eab899"
            ],
            "markers": "python_version >= '3.7'",
            "version": "==0.12.1"
        },
        "traitlets": {
            "hashes": [
                "sha256:7564b5bf8d38c40fa45498072bf4dc5e8346eb087bbf1e2ae2d8774f6a0f078e",
                "sha256:98277f247f18b2c5cabaf4af369187754f4fb0e85911d473f72329db8a7f4fae"
            ],
            "markers": "python_version >= '3.8'",
            "version": "==5.11.2"
        },
        "wcwidth": {
            "hashes": [
                "sha256:77f719e01648ed600dfa5402c347481c0992263b81a027344f3e1ba25493a704",
                "sha256:8705c569999ffbb4f6a87c6d1b80f324bd6db952f5eb0b95bc07517f4c1813d4"
            ],
            "version": "==0.2.8"
        }
    }
}
